# This file is automatically @generated by Cargo.
# It is not intended for manual editing.
version = 3

[[package]]
name = "anyhow"
version = "1.0.79"
source = "registry+https://github.com/rust-lang/crates.io-index"
checksum = "080e9890a082662b09c1ad45f567faeeb47f22b5fb23895fbe1e651e718e25ca"

[[package]]
name = "binaryfile"
version = "0.1.0"
source = "git+https://github.com/sugarflowers/binaryfile.git#c7d6f6b95640cf3437cb6ce1a5e1029398a14540"

[[package]]
name = "cfg-if"
version = "1.0.0"
source = "registry+https://github.com/rust-lang/crates.io-index"
checksum = "baf1de4339761588bc0619e3cbc0120ee582ebb74b53b4efbf79117bd2da40fd"

[[package]]
name = "encoding_rs"
version = "0.8.33"
source = "registry+https://github.com/rust-lang/crates.io-index"
checksum = "7268b386296a025e474d5140678f75d6de9493ae55a5d709eeb9dd08149945e1"
dependencies = [
 "cfg-if",
]

[[package]]
name = "sjis"
version = "0.1.0"
source = "git+https://github.com/sugarflowers/sjis.git#81aab6ca3b4316de3abaef9e8d68c2a1ff213444"
dependencies = [
 "encoding_rs",
]

[[package]]
name = "textreader"
version = "0.1.0"
dependencies = [
 "anyhow",
 "binaryfile",
 "sjis",
]
