# This file is automatically @generated by Cargo.
# It is not intended for manual editing.
version = 3

[[package]]
name = "binaryfile"
version = "0.1.0"
source = "git+https://github.com/sugarflowers/binaryfile.git#9289276f49c51254ca34f7d3e9975d74f1c625e0"

[[package]]
name = "cfg-if"
version = "1.0.0"
source = "registry+https://github.com/rust-lang/crates.io-index"
checksum = "baf1de4339761588bc0619e3cbc0120ee582ebb74b53b4efbf79117bd2da40fd"

[[package]]
name = "encoding_rs"
version = "0.8.32"
source = "registry+https://github.com/rust-lang/crates.io-index"
checksum = "071a31f4ee85403370b58aca746f01041ede6f0da2730960ad001edc2b71b394"
dependencies = [
 "cfg-if",
]

[[package]]
name = "sjis"
version = "0.1.0"
source = "git+https://github.com/sugarflowers/sjis.git#22d091c1efa8faac901f1d4861e5680b9bc43c1a"
dependencies = [
 "encoding_rs",
]

[[package]]
name = "textreader"
version = "0.1.0"
dependencies = [
 "binaryfile",
 "sjis",
]
